// !$*UTF8*$!
{
	archiveVersion = 1;
	classes = {
	};
	objectVersion = 48;
	objects = {

/* Begin PBXBuildFile section */
		4909B1082086231500588921 /* AppDelegate.swift in Sources */ = {isa = PBXBuildFile; fileRef = 4909B1072086231500588921 /* AppDelegate.swift */; };
		4909B10F2086231500588921 /* Assets.xcassets in Resources */ = {isa = PBXBuildFile; fileRef = 4909B10E2086231500588921 /* Assets.xcassets */; };
		4909B1122086231500588921 /* LaunchScreen.storyboard in Resources */ = {isa = PBXBuildFile; fileRef = 4909B1102086231500588921 /* LaunchScreen.storyboard */; };
		4909B11D2086231500588921 /* FWSegmentedControlTests.swift in Sources */ = {isa = PBXBuildFile; fileRef = 4909B11C2086231500588921 /* FWSegmentedControlTests.swift */; };
		4909B1282086231500588921 /* FWSegmentedControlUITests.swift in Sources */ = {isa = PBXBuildFile; fileRef = 4909B1272086231500588921 /* FWSegmentedControlUITests.swift */; };
		4909B13B208623B400588921 /* FWNavigationController.swift in Sources */ = {isa = PBXBuildFile; fileRef = 4909B138208623B400588921 /* FWNavigationController.swift */; };
		4909B13C208623B400588921 /* ViewController.swift in Sources */ = {isa = PBXBuildFile; fileRef = 4909B139208623B400588921 /* ViewController.swift */; };
		4909B13D208623B400588921 /* ViewController2.swift in Sources */ = {isa = PBXBuildFile; fileRef = 4909B13A208623B400588921 /* ViewController2.swift */; };
		4953A26F2480B6DA00884823 /* FWSegmentedControl.swift in Sources */ = {isa = PBXBuildFile; fileRef = 4953A26E2480B6D900884823 /* FWSegmentedControl.swift */; };
		49656A702089752C0096A802 /* NewsViewController.swift in Sources */ = {isa = PBXBuildFile; fileRef = 49656A6F2089752C0096A802 /* NewsViewController.swift */; };
		49656A722089753F0096A802 /* ShoppingViewController.swift in Sources */ = {isa = PBXBuildFile; fileRef = 49656A712089753F0096A802 /* ShoppingViewController.swift */; };
/* End PBXBuildFile section */

/* Begin PBXContainerItemProxy section */
		4909B1192086231500588921 /* PBXContainerItemProxy */ = {
			isa = PBXContainerItemProxy;
			containerPortal = 4909B0FC2086231500588921 /* Project object */;
			proxyType = 1;
			remoteGlobalIDString = 4909B1032086231500588921;
			remoteInfo = FWSegmentedControl;
		};
		4909B1242086231500588921 /* PBXContainerItemProxy */ = {
			isa = PBXContainerItemProxy;
			containerPortal = 4909B0FC2086231500588921 /* Project object */;
			proxyType = 1;
			remoteGlobalIDString = 4909B1032086231500588921;
			remoteInfo = FWSegmentedControl;
		};
/* End PBXContainerItemProxy section */

/* Begin PBXFileReference section */
		4909B1042086231500588921 /* FWSegmentedControl.app */ = {isa = PBXFileReference; explicitFileType = wrapper.application; includeInIndex = 0; path = FWSegmentedControl.app; sourceTree = BUILT_PRODUCTS_DIR; };
		4909B1072086231500588921 /* AppDelegate.swift */ = {isa = PBXFileReference; lastKnownFileType = sourcecode.swift; path = AppDelegate.swift; sourceTree = "<group>"; };
		4909B10E2086231500588921 /* Assets.xcassets */ = {isa = PBXFileReference; lastKnownFileType = folder.assetcatalog; path = Assets.xcassets; sourceTree = "<group>"; };
		4909B1112086231500588921 /* Base */ = {isa = PBXFileReference; lastKnownFileType = file.storyboard; name = Base; path = Base.lproj/LaunchScreen.storyboard; sourceTree = "<group>"; };
		4909B1132086231500588921 /* Info.plist */ = {isa = PBXFileReference; lastKnownFileType = text.plist.xml; path = Info.plist; sourceTree = "<group>"; };
		4909B1182086231500588921 /* FWSegmentedControlTests.xctest */ = {isa = PBXFileReference; explicitFileType = wrapper.cfbundle; includeInIndex = 0; path = FWSegmentedControlTests.xctest; sourceTree = BUILT_PRODUCTS_DIR; };
		4909B11C2086231500588921 /* FWSegmentedControlTests.swift */ = {isa = PBXFileReference; lastKnownFileType = sourcecode.swift; path = FWSegmentedControlTests.swift; sourceTree = "<group>"; };
		4909B11E2086231500588921 /* Info.plist */ = {isa = PBXFileReference; lastKnownFileType = text.plist.xml; path = Info.plist; sourceTree = "<group>"; };
		4909B1232086231500588921 /* FWSegmentedControlUITests.xctest */ = {isa = PBXFileReference; explicitFileType = wrapper.cfbundle; includeInIndex = 0; path = FWSegmentedControlUITests.xctest; sourceTree = BUILT_PRODUCTS_DIR; };
		4909B1272086231500588921 /* FWSegmentedControlUITests.swift */ = {isa = PBXFileReference; lastKnownFileType = sourcecode.swift; path = FWSegmentedControlUITests.swift; sourceTree = "<group>"; };
		4909B1292086231500588921 /* Info.plist */ = {isa = PBXFileReference; lastKnownFileType = text.plist.xml; path = Info.plist; sourceTree = "<group>"; };
		4909B138208623B400588921 /* FWNavigationController.swift */ = {isa = PBXFileReference; fileEncoding = 4; lastKnownFileType = sourcecode.swift; path = FWNavigationController.swift; sourceTree = "<group>"; };
		4909B139208623B400588921 /* ViewController.swift */ = {isa = PBXFileReference; fileEncoding = 4; lastKnownFileType = sourcecode.swift; path = ViewController.swift; sourceTree = "<group>"; };
		4909B13A208623B400588921 /* ViewController2.swift */ = {isa = PBXFileReference; fileEncoding = 4; lastKnownFileType = sourcecode.swift; path = ViewController2.swift; sourceTree = "<group>"; };
		4953A26E2480B6D900884823 /* FWSegmentedControl.swift */ = {isa = PBXFileReference; fileEncoding = 4; lastKnownFileType = sourcecode.swift; path = FWSegmentedControl.swift; sourceTree = "<group>"; };
		49656A6F2089752C0096A802 /* NewsViewController.swift */ = {isa = PBXFileReference; lastKnownFileType = sourcecode.swift; path = NewsViewController.swift; sourceTree = "<group>"; };
		49656A712089753F0096A802 /* ShoppingViewController.swift */ = {isa = PBXFileReference; lastKnownFileType = sourcecode.swift; path = ShoppingViewController.swift; sourceTree = "<group>"; };
/* End PBXFileReference section */

/* Begin PBXFrameworksBuildPhase section */
		4909B1012086231500588921 /* Frameworks */ = {
			isa = PBXFrameworksBuildPhase;
			buildActionMask = 2147483647;
			files = (
			);
			runOnlyForDeploymentPostprocessing = 0;
		};
		4909B1152086231500588921 /* Frameworks */ = {
			isa = PBXFrameworksBuildPhase;
			buildActionMask = 2147483647;
			files = (
			);
			runOnlyForDeploymentPostprocessing = 0;
		};
		4909B1202086231500588921 /* Frameworks */ = {
			isa = PBXFrameworksBuildPhase;
			buildActionMask = 2147483647;
			files = (
			);
			runOnlyForDeploymentPostprocessing = 0;
		};
/* End PBXFrameworksBuildPhase section */

/* Begin PBXGroup section */
		4909B0FB2086231500588921 = {
			isa = PBXGroup;
			children = (
				4909B1062086231500588921 /* FWSegmentedControl */,
				4909B11B2086231500588921 /* FWSegmentedControlTests */,
				4909B1262086231500588921 /* FWSegmentedControlUITests */,
				4909B1052086231500588921 /* Products */,
			);
			sourceTree = "<group>";
		};
		4909B1052086231500588921 /* Products */ = {
			isa = PBXGroup;
			children = (
				4909B1042086231500588921 /* FWSegmentedControl.app */,
				4909B1182086231500588921 /* FWSegmentedControlTests.xctest */,
				4909B1232086231500588921 /* FWSegmentedControlUITests.xctest */,
			);
			name = Products;
			sourceTree = "<group>";
		};
		4909B1062086231500588921 /* FWSegmentedControl */ = {
			isa = PBXGroup;
			children = (
				4953A26D2480B6D900884823 /* FWSegmentedControl */,
				4909B1072086231500588921 /* AppDelegate.swift */,
				4909B138208623B400588921 /* FWNavigationController.swift */,
				4909B139208623B400588921 /* ViewController.swift */,
				4909B13A208623B400588921 /* ViewController2.swift */,
				49656A6F2089752C0096A802 /* NewsViewController.swift */,
				49656A712089753F0096A802 /* ShoppingViewController.swift */,
				4909B10E2086231500588921 /* Assets.xcassets */,
				4909B1102086231500588921 /* LaunchScreen.storyboard */,
				4909B1132086231500588921 /* Info.plist */,
			);
			path = FWSegmentedControl;
			sourceTree = "<group>";
		};
		4909B11B2086231500588921 /* FWSegmentedControlTests */ = {
			isa = PBXGroup;
			children = (
				4909B11C2086231500588921 /* FWSegmentedControlTests.swift */,
				4909B11E2086231500588921 /* Info.plist */,
			);
			path = FWSegmentedControlTests;
			sourceTree = "<group>";
		};
		4909B1262086231500588921 /* FWSegmentedControlUITests */ = {
			isa = PBXGroup;
			children = (
				4909B1272086231500588921 /* FWSegmentedControlUITests.swift */,
				4909B1292086231500588921 /* Info.plist */,
			);
			path = FWSegmentedControlUITests;
			sourceTree = "<group>";
		};
		4953A26D2480B6D900884823 /* FWSegmentedControl */ = {
			isa = PBXGroup;
			children = (
				4953A26E2480B6D900884823 /* FWSegmentedControl.swift */,
			);
			name = FWSegmentedControl;
			path = ../../FWSegmentedControl;
			sourceTree = "<group>";
		};
/* End PBXGroup section */

/* Begin PBXNativeTarget section */
		4909B1032086231500588921 /* FWSegmentedControl */ = {
			isa = PBXNativeTarget;
			buildConfigurationList = 4909B12C2086231500588921 /* Build configuration list for PBXNativeTarget "FWSegmentedControl" */;
			buildPhases = (
				4909B1002086231500588921 /* Sources */,
				4909B1012086231500588921 /* Frameworks */,
				4909B1022086231500588921 /* Resources */,
			);
			buildRules = (
			);
			dependencies = (
			);
			name = FWSegmentedControl;
			productName = FWSegmentedControl;
			productReference = 4909B1042086231500588921 /* FWSegmentedControl.app */;
			productType = "com.apple.product-type.application";
		};
		4909B1172086231500588921 /* FWSegmentedControlTests */ = {
			isa = PBXNativeTarget;
			buildConfigurationList = 4909B12F2086231500588921 /* Build configuration list for PBXNativeTarget "FWSegmentedControlTests" */;
			buildPhases = (
				4909B1142086231500588921 /* Sources */,
				4909B1152086231500588921 /* Frameworks */,
				4909B1162086231500588921 /* Resources */,
			);
			buildRules = (
			);
			dependencies = (
				4909B11A2086231500588921 /* PBXTargetDependency */,
			);
			name = FWSegmentedControlTests;
			productName = FWSegmentedControlTests;
			productReference = 4909B1182086231500588921 /* FWSegmentedControlTests.xctest */;
			productType = "com.apple.product-type.bundle.unit-test";
		};
		4909B1222086231500588921 /* FWSegmentedControlUITests */ = {
			isa = PBXNativeTarget;
			buildConfigurationList = 4909B1322086231500588921 /* Build configuration list for PBXNativeTarget "FWSegmentedControlUITests" */;
			buildPhases = (
				4909B11F2086231500588921 /* Sources */,
				4909B1202086231500588921 /* Frameworks */,
				4909B1212086231500588921 /* Resources */,
			);
			buildRules = (
			);
			dependencies = (
				4909B1252086231500588921 /* PBXTargetDependency */,
			);
			name = FWSegmentedControlUITests;
			productName = FWSegmentedControlUITests;
			productReference = 4909B1232086231500588921 /* FWSegmentedControlUITests.xctest */;
			productType = "com.apple.product-type.bundle.ui-testing";
		};
/* End PBXNativeTarget section */

/* Begin PBXProject section */
		4909B0FC2086231500588921 /* Project object */ = {
			isa = PBXProject;
			attributes = {
				LastSwiftUpdateCheck = 0910;
				LastUpgradeCheck = 0910;
				ORGANIZATIONNAME = xfg;
				TargetAttributes = {
					4909B1032086231500588921 = {
						CreatedOnToolsVersion = 9.1;
						ProvisioningStyle = Automatic;
					};
					4909B1172086231500588921 = {
						CreatedOnToolsVersion = 9.1;
						ProvisioningStyle = Automatic;
						TestTargetID = 4909B1032086231500588921;
					};
					4909B1222086231500588921 = {
						CreatedOnToolsVersion = 9.1;
						ProvisioningStyle = Automatic;
						TestTargetID = 4909B1032086231500588921;
					};
				};
			};
			buildConfigurationList = 4909B0FF2086231500588921 /* Build configuration list for PBXProject "FWSegmentedControl" */;
			compatibilityVersion = "Xcode 8.0";
			developmentRegion = en;
			hasScannedForEncodings = 0;
			knownRegions = (
				en,
				Base,
			);
			mainGroup = 4909B0FB2086231500588921;
			productRefGroup = 4909B1052086231500588921 /* Products */;
			projectDirPath = "";
			projectRoot = "";
			targets = (
				4909B1032086231500588921 /* FWSegmentedControl */,
				4909B1172086231500588921 /* FWSegmentedControlTests */,
				4909B1222086231500588921 /* FWSegmentedControlUITests */,
			);
		};
/* End PBXProject section */

/* Begin PBXResourcesBuildPhase section */
		4909B1022086231500588921 /* Resources */ = {
			isa = PBXResourcesBuildPhase;
			buildActionMask = 2147483647;
			files = (
				4909B1122086231500588921 /* LaunchScreen.storyboard in Resources */,
				4909B10F2086231500588921 /* Assets.xcassets in Resources */,
			);
			runOnlyForDeploymentPostprocessing = 0;
		};
		4909B1162086231500588921 /* Resources */ = {
			isa = PBXResourcesBuildPhase;
			buildActionMask = 2147483647;
			files = (
			);
			runOnlyForDeploymentPostprocessing = 0;
		};
		4909B1212086231500588921 /* Resources */ = {
			isa = PBXResourcesBuildPhase;
			buildActionMask = 2147483647;
			files = (
			);
			runOnlyForDeploymentPostprocessing = 0;
		};
/* End PBXResourcesBuildPhase section */

/* Begin PBXSourcesBuildPhase section */
		4909B1002086231500588921 /* Sources */ = {
			isa = PBXSourcesBuildPhase;
			buildActionMask = 2147483647;
			files = (
				4909B13D208623B400588921 /* ViewController2.swift in Sources */,
				49656A722089753F0096A802 /* ShoppingViewController.swift in Sources */,
				4909B13B208623B400588921 /* FWNavigationController.swift in Sources */,
				49656A702089752C0096A802 /* NewsViewController.swift in Sources */,
				4953A26F2480B6DA00884823 /* FWSegmentedControl.swift in Sources */,
				4909B13C208623B400588921 /* ViewController.swift in Sources */,
				4909B1082086231500588921 /* AppDelegate.swift in Sources */,
			);
			runOnlyForDeploymentPostprocessing = 0;
		};
		4909B1142086231500588921 /* Sources */ = {
			isa = PBXSourcesBuildPhase;
			buildActionMask = 2147483647;
			files = (
				4909B11D2086231500588921 /* FWSegmentedControlTests.swift in Sources */,
			);
			runOnlyForDeploymentPostprocessing = 0;
		};
		4909B11F2086231500588921 /* Sources */ = {
			isa = PBXSourcesBuildPhase;
			buildActionMask = 2147483647;
			files = (
				4909B1282086231500588921 /* FWSegmentedControlUITests.swift in Sources */,
			);
			runOnlyForDeploymentPostprocessing = 0;
		};
/* End PBXSourcesBuildPhase section */

/* Begin PBXTargetDependency section */
		4909B11A2086231500588921 /* PBXTargetDependency */ = {
			isa = PBXTargetDependency;
			target = 4909B1032086231500588921 /* FWSegmentedControl */;
			targetProxy = 4909B1192086231500588921 /* PBXContainerItemProxy */;
		};
		4909B1252086231500588921 /* PBXTargetDependency */ = {
			isa = PBXTargetDependency;
			target = 4909B1032086231500588921 /* FWSegmentedControl */;
			targetProxy = 4909B1242086231500588921 /* PBXContainerItemProxy */;
		};
/* End PBXTargetDependency section */

/* Begin PBXVariantGroup section */
		4909B1102086231500588921 /* LaunchScreen.storyboard */ = {
			isa = PBXVariantGroup;
			children = (
				4909B1112086231500588921 /* Base */,
			);
			name = LaunchScreen.storyboard;
			sourceTree = "<group>";
		};
/* End PBXVariantGroup section */

/* Begin XCBuildConfiguration section */
		4909B12A2086231500588921 /* Debug */ = {
			isa = XCBuildConfiguration;
			buildSettings = {
				ALWAYS_SEARCH_USER_PATHS = NO;
				CLANG_ANALYZER_NONNULL = YES;
				CLANG_ANALYZER_NUMBER_OBJECT_CONVERSION = YES_AGGRESSIVE;
				CLANG_CXX_LANGUAGE_STANDARD = "gnu++14";
				CLANG_CXX_LIBRARY = "libc++";
				CLANG_ENABLE_MODULES = YES;
				CLANG_ENABLE_OBJC_ARC = YES;
				CLANG_WARN_BLOCK_CAPTURE_AUTORELEASING = YES;
				CLANG_WARN_BOOL_CONVERSION = YES;
				CLANG_WARN_COMMA = YES;
				CLANG_WARN_CONSTANT_CONVERSION = YES;
				CLANG_WARN_DIRECT_OBJC_ISA_USAGE = YES_ERROR;
				CLANG_WARN_DOCUMENTATION_COMMENTS = YES;
				CLANG_WARN_EMPTY_BODY = YES;
				CLANG_WARN_ENUM_CONVERSION = YES;
				CLANG_WARN_INFINITE_RECURSION = YES;
				CLANG_WARN_INT_CONVERSION = YES;
				CLANG_WARN_NON_LITERAL_NULL_CONVERSION = YES;
				CLANG_WARN_OBJC_LITERAL_CONVERSION = YES;
				CLANG_WARN_OBJC_ROOT_CLASS = YES_ERROR;
				CLANG_WARN_RANGE_LOOP_ANALYSIS = YES;
				CLANG_WARN_STRICT_PROTOTYPES = YES;
				CLANG_WARN_SUSPICIOUS_MOVE = YES;
				CLANG_WARN_UNGUARDED_AVAILABILITY = YES_AGGRESSIVE;
				CLANG_WARN_UNREACHABLE_CODE = YES;
				CLANG_WARN__DUPLICATE_METHOD_MATCH = YES;
				CODE_SIGN_IDENTITY = "iPhone Developer";
				COPY_PHASE_STRIP = NO;
				DEBUG_INFORMATION_FORMAT = dwarf;
				ENABLE_STRICT_OBJC_MSGSEND = YES;
				ENABLE_TESTABILITY = YES;
				GCC_C_LANGUAGE_STANDARD = gnu11;
				GCC_DYNAMIC_NO_PIC = NO;
				GCC_NO_COMMON_BLOCKS = YES;
				GCC_OPTIMIZATION_LEVEL = 0;
				GCC_PREPROCESSOR_DEFINITIONS = (
					"DEBUG=1",
					"$(inherited)",
				);
				GCC_WARN_64_TO_32_BIT_CONVERSION = YES;
				GCC_WARN_ABOUT_RETURN_TYPE = YES_ERROR;
				GCC_WARN_UNDECLARED_SELECTOR = YES;
				GCC_WARN_UNINITIALIZED_AUTOS = YES_AGGRESSIVE;
				GCC_WARN_UNUSED_FUNCTION = YES;
				GCC_WARN_UNUSED_VARIABLE = YES;
				IPHONEOS_DEPLOYMENT_TARGET = 11.1;
				MTL_ENABLE_DEBUG_INFO = YES;
				ONLY_ACTIVE_ARCH = YES;
				SDKROOT = iphoneos;
				SWIFT_ACTIVE_COMPILATION_CONDITIONS = DEBUG;
				SWIFT_OPTIMIZATION_LEVEL = "-Onone";
			};
			name = Debug;
		};
		4909B12B2086231500588921 /* Release */ = {
			isa = XCBuildConfiguration;
			buildSettings = {
				ALWAYS_SEARCH_USER_PATHS = NO;
				CLANG_ANALYZER_NONNULL = YES;
				CLANG_ANALYZER_NUMBER_OBJECT_CONVERSION = YES_AGGRESSIVE;
				CLANG_CXX_LANGUAGE_STANDARD = "gnu++14";
				CLANG_CXX_LIBRARY = "libc++";
				CLANG_ENABLE_MODULES = YES;
				CLANG_ENABLE_OBJC_ARC = YES;
				CLANG_WARN_BLOCK_CAPTURE_AUTORELEASING = YES;
				CLANG_WARN_BOOL_CONVERSION = YES;
				CLANG_WARN_COMMA = YES;
				CLANG_WARN_CONSTANT_CONVERSION = YES;
				CLANG_WARN_DIRECT_OBJC_ISA_USAGE = YES_ERROR;
				CLANG_WARN_DOCUMENTATION_COMMENTS = YES;
				CLANG_WARN_EMPTY_BODY = YES;
				CLANG_WARN_ENUM_CONVERSION = YES;
				CLANG_WARN_INFINITE_RECURSION = YES;
				CLANG_WARN_INT_CONVERSION = YES;
				CLANG_WARN_NON_LITERAL_NULL_CONVERSION = YES;
				CLANG_WARN_OBJC_LITERAL_CONVERSION = YES;
				CLANG_WARN_OBJC_ROOT_CLASS = YES_ERROR;
				CLANG_WARN_RANGE_LOOP_ANALYSIS = YES;
				CLANG_WARN_STRICT_PROTOTYPES = YES;
				CLANG_WARN_SUSPICIOUS_MOVE = YES;
				CLANG_WARN_UNGUARDED_AVAILABILITY = YES_AGGRESSIVE;
				CLANG_WARN_UNREACHABLE_CODE = YES;
				CLANG_WARN__DUPLICATE_METHOD_MATCH = YES;
				CODE_SIGN_IDENTITY = "iPhone Developer";
				COPY_PHASE_STRIP = NO;
				DEBUG_INFORMATION_FORMAT = "dwarf-with-dsym";
				ENABLE_NS_ASSERTIONS = NO;
				ENABLE_STRICT_OBJC_MSGSEND = YES;
				GCC_C_LANGUAGE_STANDARD = gnu11;
				GCC_NO_COMMON_BLOCKS = YES;
				GCC_WARN_64_TO_32_BIT_CONVERSION = YES;
				GCC_WARN_ABOUT_RETURN_TYPE = YES_ERROR;
				GCC_WARN_UNDECLARED_SELECTOR = YES;
				GCC_WARN_UNINITIALIZED_AUTOS = YES_AGGRESSIVE;
				GCC_WARN_UNUSED_FUNCTION = YES;
				GCC_WARN_UNUSED_VARIABLE = YES;
				IPHONEOS_DEPLOYMENT_TARGET = 11.1;
				MTL_ENABLE_DEBUG_INFO = NO;
				SDKROOT = iphoneos;
				SWIFT_OPTIMIZATION_LEVEL = "-Owholemodule";
				VALIDATE_PRODUCT = YES;
			};
			name = Release;
		};
		4909B12D2086231500588921 /* Debug */ = {
			isa = XCBuildConfiguration;
			buildSettings = {
				ASSETCATALOG_COMPILER_APPICON_NAME = AppIcon;
				CODE_SIGN_STYLE = Automatic;
				DEVELOPMENT_TEAM = K4Y22J2KN7;
				INFOPLIST_FILE = FWSegmentedControl/Info.plist;
				LD_RUNPATH_SEARCH_PATHS = "$(inherited) @executable_path/Frameworks";
				PRODUCT_BUNDLE_IDENTIFIER = com.xfg.FWSegmentedControl;
				PRODUCT_NAME = "$(TARGET_NAME)";
				SWIFT_VERSION = 5.0;
				TARGETED_DEVICE_FAMILY = "1,2";
			};
			name = Debug;
		};
		4909B12E2086231500588921 /* Release */ = {
			isa = XCBuildConfiguration;
			buildSettings = {
				ASSETCATALOG_COMPILER_APPICON_NAME = AppIcon;
				CODE_SIGN_STYLE = Automatic;
				DEVELOPMENT_TEAM = K4Y22J2KN7;
				INFOPLIST_FILE = FWSegmentedControl/Info.plist;
				LD_RUNPATH_SEARCH_PATHS = "$(inherited) @executable_path/Frameworks";
				PRODUCT_BUNDLE_IDENTIFIER = com.xfg.FWSegmentedControl;
				PRODUCT_NAME = "$(TARGET_NAME)";
				SWIFT_VERSION = 5.0;
				TARGETED_DEVICE_FAMILY = "1,2";
			};
			name = Release;
		};
		4909B1302086231500588921 /* Debug */ = {
			isa = XCBuildConfiguration;
			buildSettings = {
				ALWAYS_EMBED_SWIFT_STANDARD_LIBRARIES = YES;
				BUNDLE_LOADER = "$(TEST_HOST)";
				CODE_SIGN_STYLE = Automatic;
				INFOPLIST_FILE = FWSegmentedControlTests/Info.plist;
				LD_RUNPATH_SEARCH_PATHS = "$(inherited) @executable_path/Frameworks @loader_path/Frameworks";
				PRODUCT_BUNDLE_IDENTIFIER = com.xfg.FWSegmentedControlTests;
				PRODUCT_NAME = "$(TARGET_NAME)";
				SWIFT_VERSION = 4.0;
				TARGETED_DEVICE_FAMILY = "1,2";
				TEST_HOST = "$(BUILT_PRODUCTS_DIR)/FWSegmentedControl.app/FWSegmentedControl";
			};
			name = Debug;
		};
		4909B1312086231500588921 /* Release */ = {
			isa = XCBuildConfiguration;
			buildSettings = {
				ALWAYS_EMBED_SWIFT_STANDARD_LIBRARIES = YES;
				BUNDLE_LOADER = "$(TEST_HOST)";
				CODE_SIGN_STYLE = Automatic;
				INFOPLIST_FILE = FWSegmentedControlTests/Info.plist;
				LD_RUNPATH_SEARCH_PATHS = "$(inherited) @executable_path/Frameworks @loader_path/Frameworks";
				PRODUCT_BUNDLE_IDENTIFIER = com.xfg.FWSegmentedControlTests;
				PRODUCT_NAME = "$(TARGET_NAME)";
				SWIFT_VERSION = 4.0;
				TARGETED_DEVICE_FAMILY = "1,2";
				TEST_HOST = "$(BUILT_PRODUCTS_DIR)/FWSegmentedControl.app/FWSegmentedControl";
			};
			name = Release;
		};
		4909B1332086231500588921 /* Debug */ = {
			isa = XCBuildConfiguration;
			buildSettings = {
				ALWAYS_EMBED_SWIFT_STANDARD_LIBRARIES = YES;
				CODE_SIGN_STYLE = Automatic;
				INFOPLIST_FILE = FWSegmentedControlUITests/Info.plist;
				LD_RUNPATH_SEARCH_PATHS = "$(inherited) @executable_path/Frameworks @loader_path/Frameworks";
				PRODUCT_BUNDLE_IDENTIFIER = com.xfg.FWSegmentedControlUITests;
				PRODUCT_NAME = "$(TARGET_NAME)";
				SWIFT_VERSION = 4.0;
				TARGETED_DEVICE_FAMILY = "1,2";
				TEST_TARGET_NAME = FWSegmentedControl;
			};
			name = Debug;
		};
		4909B1342086231500588921 /* Release */ = {
			isa = XCBuildConfiguration;
			buildSettings = {
				ALWAYS_EMBED_SWIFT_STANDARD_LIBRARIES = YES;
				CODE_SIGN_STYLE = Automatic;
				INFOPLIST_FILE = FWSegmentedControlUITests/Info.plist;
				LD_RUNPATH_SEARCH_PATHS = "$(inherited) @executable_path/Frameworks @loader_path/Frameworks";
				PRODUCT_BUNDLE_IDENTIFIER = com.xfg.FWSegmentedControlUITests;
				PRODUCT_NAME = "$(TARGET_NAME)";
				SWIFT_VERSION = 4.0;
				TARGETED_DEVICE_FAMILY = "1,2";
				TEST_TARGET_NAME = FWSegmentedControl;
			};
			name = Release;
		};
/* End XCBuildConfiguration section */

/* Begin XCConfigurationList section */
		4909B0FF2086231500588921 /* Build configuration list for PBXProject "FWSegmentedControl" */ = {
			isa = XCConfigurationList;
			buildConfigurations = (
				4909B12A2086231500588921 /* Debug */,
				4909B12B2086231500588921 /* Release */,
			);
			defaultConfigurationIsVisible = 0;
			defaultConfigurationName = Release;
		};
		4909B12C2086231500588921 /* Build configuration list for PBXNativeTarget "FWSegmentedControl" */ = {
			isa = XCConfigurationList;
			buildConfigurations = (
				4909B12D2086231500588921 /* Debug */,
				4909B12E2086231500588921 /* Release */,
			);
			defaultConfigurationIsVisible = 0;
			defaultConfigurationName = Release;
		};
		4909B12F2086231500588921 /* Build configuration list for PBXNativeTarget "FWSegmentedControlTests" */ = {
			isa = XCConfigurationList;
			buildConfigurations = (
				4909B1302086231500588921 /* Debug */,
				4909B1312086231500588921 /* Release */,
			);
			defaultConfigurationIsVisible = 0;
			defaultConfigurationName = Release;
		};
		4909B1322086231500588921 /* Build configuration list for PBXNativeTarget "FWSegmentedControlUITests" */ = {
			isa = XCConfigurationList;
			buildConfigurations = (
				4909B1332086231500588921 /* Debug */,
				4909B1342086231500588921 /* Release */,
			);
			defaultConfigurationIsVisible = 0;
			defaultConfigurationName = Release;
		};
/* End XCConfigurationList section */
	};
	rootObject = 4909B0FC2086231500588921 /* Project object */;
}
