PODS:
  - FWSegmentedControl (2.1.9)

DEPENDENCIES:
  - FWSegmentedControl

SPEC REPOS:
  https://github.com/cocoapods/specs.git:
    - FWSegmentedControl

SPEC CHECKSUMS:
  FWSegmentedControl: 9e02b90897e0b9331295efe14cc4eb25d2337f7f

PODFILE CHECKSUM: c69c6a5b0c3433f2de84029319950f6b327076e0

COCOAPODS: 1.7.5
